# This file is generated by running "yarn install" inside your project.
# Manual changes might be lost - proceed with caution!

__metadata:
  version: 8
  cacheKey: 10c0

"@bobyzgirlllnpm/aspernatur-fugiat-quam@npm:^1.0.0":
  version: 1.0.0
  resolution: "@bobyzgirlllnpm/aspernatur-fugiat-quam@npm:1.0.0"
  dependencies:
    "@bobyzgirlllnpm/autem-nemo-incidunt": "npm:^1.0.0"
    "@bobyzgirlllnpm/facere-ipsum-aspernatur": "npm:^1.0.0"
    "@bobyzgirlllnpm/id-nobis-pariatur": "npm:^1.0.0"
    "@bobyzgirlllnpm/illo-architecto-dolorum": "npm:^1.0.0"
    "@bobyzgirlllnpm/impedit-quia-ea": "npm:^1.0.0"
    "@bobyzgirlllnpm/itaque-similique-commodi": "npm:^1.0.0"
    "@bobyzgirlllnpm/iure-velit-sapiente": "npm:^1.0.0"
    "@bobyzgirlllnpm/libero-facere-id": "npm:^1.0.0"
    "@bobyzgirlllnpm/libero-itaque-consequuntur": "npm:^1.0.0"
    "@bobyzgirlllnpm/mollitia-doloribus-sapiente": "npm:^1.0.0"
    "@bobyzgirlllnpm/mollitia-fugit-officia": "npm:^1.0.0"
    "@bobyzgirlllnpm/nesciunt-voluptatibus-nesciunt": "npm:^1.0.0"
    "@bobyzgirlllnpm/nostrum-inventore-quasi": "npm:^1.0.0"
    "@bobyzgirlllnpm/nostrum-voluptate-provident": "npm:^1.0.0"
    "@bobyzgirlllnpm/pariatur-recusandae-id": "npm:^1.0.0"
    "@bobyzgirlllnpm/repudiandae-quae-in": "npm:^1.0.0"
    "@bobyzgirlllnpm/saepe-autem-impedit": "npm:^1.0.0"
    "@bobyzgirlllnpm/suscipit-nisi-fuga": "npm:^1.0.0"
    "@drftgyhuji7npm/repellendus-eum-et-itaque": "npm:^1.0.0"
  checksum: 10c0/64990de4ff1308c9080751c239c39d092d42a5e176d0d129d6f833b883f2b735521cf71e7d6d5721f351a5cf9708a40c027e10a7dc2a20f8e4fd75e7d7ae4593
  languageName: node
  linkType: hard

"@bobyzgirlllnpm/autem-nemo-incidunt@npm:^1.0.0":
  version: 1.0.0
  resolution: "@bobyzgirlllnpm/autem-nemo-incidunt@npm:1.0.0"
  dependencies:
    "@bobyzgirlllnpm/facere-ipsum-aspernatur": "npm:^1.0.0"
    "@bobyzgirlllnpm/id-nobis-pariatur": "npm:^1.0.0"
    "@bobyzgirlllnpm/illo-architecto-dolorum": "npm:^1.0.0"
    "@bobyzgirlllnpm/impedit-quia-ea": "npm:^1.0.0"
    "@bobyzgirlllnpm/itaque-similique-commodi": "npm:^1.0.0"
    "@bobyzgirlllnpm/iure-velit-sapiente": "npm:^1.0.0"
    "@bobyzgirlllnpm/libero-facere-id": "npm:^1.0.0"
    "@bobyzgirlllnpm/libero-itaque-consequuntur": "npm:^1.0.0"
    "@bobyzgirlllnpm/mollitia-doloribus-sapiente": "npm:^1.0.0"
    "@bobyzgirlllnpm/mollitia-fugit-officia": "npm:^1.0.0"
    "@bobyzgirlllnpm/nesciunt-voluptatibus-nesciunt": "npm:^1.0.0"
    "@bobyzgirlllnpm/nostrum-inventore-quasi": "npm:^1.0.0"
    "@bobyzgirlllnpm/nostrum-voluptate-provident": "npm:^1.0.0"
    "@bobyzgirlllnpm/pariatur-recusandae-id": "npm:^1.0.0"
    "@bobyzgirlllnpm/repudiandae-quae-in": "npm:^1.0.0"
    "@bobyzgirlllnpm/saepe-autem-impedit": "npm:^1.0.0"
    "@bobyzgirlllnpm/suscipit-nisi-fuga": "npm:^1.0.0"
    "@drftgyhuji7npm/repellendus-eum-et-itaque": "npm:^1.0.0"
  checksum: 10c0/12e9104eb688f27e7fef21aa2b546e10efb8c47f69f01a4f1afc02c2f7ad1ebed8f4f65fd1bdf9f1ff75e710a62dbc83caeef05dcb7c4c47b1e7047353762e2e
  languageName: node
  linkType: hard

"@bobyzgirlllnpm/dolorem-officia-assumenda@npm:^1.0.0":
  version: 1.0.0
  resolution: "@bobyzgirlllnpm/dolorem-officia-assumenda@npm:1.0.0"
  dependencies:
    "@bobyzgirlllnpm/aspernatur-fugiat-quam": "npm:^1.0.0"
    "@bobyzgirlllnpm/autem-nemo-incidunt": "npm:^1.0.0"
    "@bobyzgirlllnpm/facere-ipsum-aspernatur": "npm:^1.0.0"
    "@bobyzgirlllnpm/id-nobis-pariatur": "npm:^1.0.0"
    "@bobyzgirlllnpm/illo-architecto-dolorum": "npm:^1.0.0"
    "@bobyzgirlllnpm/impedit-quia-ea": "npm:^1.0.0"
    "@bobyzgirlllnpm/itaque-similique-commodi": "npm:^1.0.0"
    "@bobyzgirlllnpm/iure-velit-sapiente": "npm:^1.0.0"
    "@bobyzgirlllnpm/libero-facere-id": "npm:^1.0.0"
    "@bobyzgirlllnpm/libero-itaque-consequuntur": "npm:^1.0.0"
    "@bobyzgirlllnpm/mollitia-doloribus-sapiente": "npm:^1.0.0"
    "@bobyzgirlllnpm/mollitia-fugit-officia": "npm:^1.0.0"
    "@bobyzgirlllnpm/nesciunt-voluptatibus-nesciunt": "npm:^1.0.0"
    "@bobyzgirlllnpm/nostrum-inventore-quasi": "npm:^1.0.0"
    "@bobyzgirlllnpm/nostrum-voluptate-provident": "npm:^1.0.0"
    "@bobyzgirlllnpm/pariatur-recusandae-id": "npm:^1.0.0"
    "@bobyzgirlllnpm/perspiciatis-sequi-eligendi": "npm:^1.0.0"
    "@bobyzgirlllnpm/repudiandae-quae-in": "npm:^1.0.0"
    "@bobyzgirlllnpm/saepe-autem-impedit": "npm:^1.0.0"
    "@bobyzgirlllnpm/suscipit-nisi-fuga": "npm:^1.0.0"
    "@drftgyhuji7npm/repellendus-eum-et-itaque": "npm:^1.0.0"
  checksum: 10c0/aca2fb9c1d42cc694454f7e4b7c88fbef24a98ca74e344f4b3af09c4a3e461031fa98773aea9c2c7f1814005a8622557ec46f4837ec3c8c9ab0fb4d1fa4d09a0
  languageName: node
  linkType: hard

"@bobyzgirlllnpm/dolorem-vero-atque@npm:^1.0.0":
  version: 1.0.0
  resolution: "@bobyzgirlllnpm/dolorem-vero-atque@npm:1.0.0"
  dependencies:
    "@bobyzgirlllnpm/aspernatur-fugiat-quam": "npm:^1.0.0"
    "@bobyzgirlllnpm/autem-nemo-incidunt": "npm:^1.0.0"
    "@bobyzgirlllnpm/dolorem-officia-assumenda": "npm:^1.0.0"
    "@bobyzgirlllnpm/facere-ipsum-aspernatur": "npm:^1.0.0"
    "@bobyzgirlllnpm/id-nobis-pariatur": "npm:^1.0.0"
    "@bobyzgirlllnpm/illo-architecto-dolorum": "npm:^1.0.0"
    "@bobyzgirlllnpm/impedit-quia-ea": "npm:^1.0.0"
    "@bobyzgirlllnpm/itaque-similique-commodi": "npm:^1.0.0"
    "@bobyzgirlllnpm/iure-velit-sapiente": "npm:^1.0.0"
    "@bobyzgirlllnpm/libero-facere-id": "npm:^1.0.0"
    "@bobyzgirlllnpm/libero-itaque-consequuntur": "npm:^1.0.0"
    "@bobyzgirlllnpm/magnam-laboriosam-illum": "npm:^1.0.0"
    "@bobyzgirlllnpm/mollitia-doloribus-sapiente": "npm:^1.0.0"
    "@bobyzgirlllnpm/mollitia-fugit-officia": "npm:^1.0.0"
    "@bobyzgirlllnpm/nesciunt-voluptatibus-nesciunt": "npm:^1.0.0"
    "@bobyzgirlllnpm/nostrum-inventore-quasi": "npm:^1.0.0"
    "@bobyzgirlllnpm/nostrum-voluptate-provident": "npm:^1.0.0"
    "@bobyzgirlllnpm/pariatur-recusandae-id": "npm:^1.0.0"
    "@bobyzgirlllnpm/perspiciatis-sequi-eligendi": "npm:^1.0.0"
    "@bobyzgirlllnpm/recusandae-minus-veritatis": "npm:^1.0.0"
    "@bobyzgirlllnpm/repudiandae-quae-in": "npm:^1.0.0"
    "@bobyzgirlllnpm/saepe-autem-impedit": "npm:^1.0.0"
    "@bobyzgirlllnpm/suscipit-nisi-fuga": "npm:^1.0.0"
    "@bobyzgirlllnpm/ullam-voluptate-placeat": "npm:^1.0.0"
    "@drftgyhuji7npm/repellendus-eum-et-itaque": "npm:^1.0.0"
  checksum: 10c0/d0197129c1a6117f526eca7e3a637e3b48df1a08e379d1d0894cfe613b544a242143cd316c4471772dc6cdb7bb4966f45816d7c6548ffcf780edd67cefc82fbd
  languageName: node
  linkType: hard

"@bobyzgirlllnpm/facere-ipsum-aspernatur@npm:^1.0.0":
  version: 1.0.0
  resolution: "@bobyzgirlllnpm/facere-ipsum-aspernatur@npm:1.0.0"
  dependencies:
    "@bobyzgirlllnpm/id-nobis-pariatur": "npm:^1.0.0"
    "@bobyzgirlllnpm/illo-architecto-dolorum": "npm:^1.0.0"
    "@bobyzgirlllnpm/nostrum-inventore-quasi": "npm:^1.0.0"
    "@drftgyhuji7npm/repellendus-eum-et-itaque": "npm:^1.0.0"
  checksum: 10c0/b056d5f49b6459814e46e59f5af79c20472f7fe27387f5ac6d8572bd48f7af845d675d96875276bf95bc2e01b3b865140ebce74b8f7fb8b13a0c8b49bf24c780
  languageName: node
  linkType: hard

"@bobyzgirlllnpm/id-nobis-pariatur@npm:^1.0.0":
  version: 1.0.0
  resolution: "@bobyzgirlllnpm/id-nobis-pariatur@npm:1.0.0"
  dependencies:
    "@bobyzgirlllnpm/illo-architecto-dolorum": "npm:^1.0.0"
    "@bobyzgirlllnpm/nostrum-inventore-quasi": "npm:^1.0.0"
    "@drftgyhuji7npm/repellendus-eum-et-itaque": "npm:^1.0.0"
  checksum: 10c0/532cf50ac4c145cb9771d906f0c15d7d21487298b982717d4c6e5ec96bb4f2a4f6d2e2ffe11d9577d64d9626ee825f881a4102b83d4c32cab3999d533eb6e5e7
  languageName: node
  linkType: hard

"@bobyzgirlllnpm/illo-architecto-dolorum@npm:^1.0.0":
  version: 1.0.0
  resolution: "@bobyzgirlllnpm/illo-architecto-dolorum@npm:1.0.0"
  dependencies:
    "@drftgyhuji7npm/repellendus-eum-et-itaque": "npm:^1.0.0"
  checksum: 10c0/d034858fbbe09e4c321dc480f31b7f83da3902979ef58286f8992d31c5bae5b52126c71f4fb27e5c45c99c3809b361b913561d41e9dd1c84a8def7074d9e3795
  languageName: node
  linkType: hard

"@bobyzgirlllnpm/impedit-quia-ea@npm:^1.0.0":
  version: 1.0.0
  resolution: "@bobyzgirlllnpm/impedit-quia-ea@npm:1.0.0"
  dependencies:
    "@bobyzgirlllnpm/facere-ipsum-aspernatur": "npm:^1.0.0"
    "@bobyzgirlllnpm/id-nobis-pariatur": "npm:^1.0.0"
    "@bobyzgirlllnpm/illo-architecto-dolorum": "npm:^1.0.0"
    "@bobyzgirlllnpm/iure-velit-sapiente": "npm:^1.0.0"
    "@bobyzgirlllnpm/libero-facere-id": "npm:^1.0.0"
    "@bobyzgirlllnpm/libero-itaque-consequuntur": "npm:^1.0.0"
    "@bobyzgirlllnpm/mollitia-doloribus-sapiente": "npm:^1.0.0"
    "@bobyzgirlllnpm/mollitia-fugit-officia": "npm:^1.0.0"
    "@bobyzgirlllnpm/nesciunt-voluptatibus-nesciunt": "npm:^1.0.0"
    "@bobyzgirlllnpm/nostrum-inventore-quasi": "npm:^1.0.0"
    "@bobyzgirlllnpm/nostrum-voluptate-provident": "npm:^1.0.0"
    "@bobyzgirlllnpm/pariatur-recusandae-id": "npm:^1.0.0"
    "@bobyzgirlllnpm/repudiandae-quae-in": "npm:^1.0.0"
    "@bobyzgirlllnpm/saepe-autem-impedit": "npm:^1.0.0"
    "@bobyzgirlllnpm/suscipit-nisi-fuga": "npm:^1.0.0"
    "@drftgyhuji7npm/repellendus-eum-et-itaque": "npm:^1.0.0"
  checksum: 10c0/bf34b717ecff242f61b7b922d6da1aa2cf826727f623ed9a422626f455308c768b548640c9863eec232b2737d614e79bfc419e6f6d16c8b3a15c1f7f6ee36012
  languageName: node
  linkType: hard

"@bobyzgirlllnpm/itaque-similique-commodi@npm:^1.0.0":
  version: 1.0.0
  resolution: "@bobyzgirlllnpm/itaque-similique-commodi@npm:1.0.0"
  dependencies:
    "@bobyzgirlllnpm/facere-ipsum-aspernatur": "npm:^1.0.0"
    "@bobyzgirlllnpm/id-nobis-pariatur": "npm:^1.0.0"
    "@bobyzgirlllnpm/illo-architecto-dolorum": "npm:^1.0.0"
    "@bobyzgirlllnpm/impedit-quia-ea": "npm:^1.0.0"
    "@bobyzgirlllnpm/iure-velit-sapiente": "npm:^1.0.0"
    "@bobyzgirlllnpm/libero-facere-id": "npm:^1.0.0"
    "@bobyzgirlllnpm/libero-itaque-consequuntur": "npm:^1.0.0"
    "@bobyzgirlllnpm/mollitia-doloribus-sapiente": "npm:^1.0.0"
    "@bobyzgirlllnpm/mollitia-fugit-officia": "npm:^1.0.0"
    "@bobyzgirlllnpm/nesciunt-voluptatibus-nesciunt": "npm:^1.0.0"
    "@bobyzgirlllnpm/nostrum-inventore-quasi": "npm:^1.0.0"
    "@bobyzgirlllnpm/nostrum-voluptate-provident": "npm:^1.0.0"
    "@bobyzgirlllnpm/pariatur-recusandae-id": "npm:^1.0.0"
    "@bobyzgirlllnpm/repudiandae-quae-in": "npm:^1.0.0"
    "@bobyzgirlllnpm/saepe-autem-impedit": "npm:^1.0.0"
    "@bobyzgirlllnpm/suscipit-nisi-fuga": "npm:^1.0.0"
    "@drftgyhuji7npm/repellendus-eum-et-itaque": "npm:^1.0.0"
  checksum: 10c0/f6f1a649c5ff52225b35b031823f333f9070b1422362c175b2d0434562006109bd35b197563972ae09edcc57d568c2e5c0f00358170633579742a11f9f99a47d
  languageName: node
  linkType: hard

"@bobyzgirlllnpm/iure-velit-sapiente@npm:^1.0.0":
  version: 1.0.0
  resolution: "@bobyzgirlllnpm/iure-velit-sapiente@npm:1.0.0"
  dependencies:
    "@bobyzgirlllnpm/facere-ipsum-aspernatur": "npm:^1.0.0"
    "@bobyzgirlllnpm/id-nobis-pariatur": "npm:^1.0.0"
    "@bobyzgirlllnpm/illo-architecto-dolorum": "npm:^1.0.0"
    "@bobyzgirlllnpm/mollitia-fugit-officia": "npm:^1.0.0"
    "@bobyzgirlllnpm/nostrum-inventore-quasi": "npm:^1.0.0"
    "@bobyzgirlllnpm/nostrum-voluptate-provident": "npm:^1.0.0"
    "@bobyzgirlllnpm/repudiandae-quae-in": "npm:^1.0.0"
    "@drftgyhuji7npm/repellendus-eum-et-itaque": "npm:^1.0.0"
  checksum: 10c0/12a014771c6fbee84f8f7a0c24d4c31a3653d022350d8e141ccd39146e9f0bcf32270c08eceba18692889ceff2fc2be8ac244efce9a6e7b5784e821643b64fcf
  languageName: node
  linkType: hard

"@bobyzgirlllnpm/libero-facere-id@npm:^1.0.0":
  version: 1.0.0
  resolution: "@bobyzgirlllnpm/libero-facere-id@npm:1.0.0"
  dependencies:
    "@bobyzgirlllnpm/facere-ipsum-aspernatur": "npm:^1.0.0"
    "@bobyzgirlllnpm/id-nobis-pariatur": "npm:^1.0.0"
    "@bobyzgirlllnpm/illo-architecto-dolorum": "npm:^1.0.0"
    "@bobyzgirlllnpm/iure-velit-sapiente": "npm:^1.0.0"
    "@bobyzgirlllnpm/libero-itaque-consequuntur": "npm:^1.0.0"
    "@bobyzgirlllnpm/mollitia-doloribus-sapiente": "npm:^1.0.0"
    "@bobyzgirlllnpm/mollitia-fugit-officia": "npm:^1.0.0"
    "@bobyzgirlllnpm/nesciunt-voluptatibus-nesciunt": "npm:^1.0.0"
    "@bobyzgirlllnpm/nostrum-inventore-quasi": "npm:^1.0.0"
    "@bobyzgirlllnpm/nostrum-voluptate-provident": "npm:^1.0.0"
    "@bobyzgirlllnpm/pariatur-recusandae-id": "npm:^1.0.0"
    "@bobyzgirlllnpm/repudiandae-quae-in": "npm:^1.0.0"
    "@bobyzgirlllnpm/saepe-autem-impedit": "npm:^1.0.0"
    "@bobyzgirlllnpm/suscipit-nisi-fuga": "npm:^1.0.0"
    "@drftgyhuji7npm/repellendus-eum-et-itaque": "npm:^1.0.0"
  checksum: 10c0/d83259f69c585cf1fce26183fbb7c99e459c755be7734b10f770152fe82578723a3020a7f9a4d97749fc2ac5f42a9ba8330f958c1def4dbfb2ef1b6a5b4f841c
  languageName: node
  linkType: hard

"@bobyzgirlllnpm/libero-itaque-consequuntur@npm:^1.0.0":
  version: 1.0.0
  resolution: "@bobyzgirlllnpm/libero-itaque-consequuntur@npm:1.0.0"
  dependencies:
    "@bobyzgirlllnpm/facere-ipsum-aspernatur": "npm:^1.0.0"
    "@bobyzgirlllnpm/id-nobis-pariatur": "npm:^1.0.0"
    "@bobyzgirlllnpm/illo-architecto-dolorum": "npm:^1.0.0"
    "@bobyzgirlllnpm/iure-velit-sapiente": "npm:^1.0.0"
    "@bobyzgirlllnpm/mollitia-doloribus-sapiente": "npm:^1.0.0"
    "@bobyzgirlllnpm/mollitia-fugit-officia": "npm:^1.0.0"
    "@bobyzgirlllnpm/nostrum-inventore-quasi": "npm:^1.0.0"
    "@bobyzgirlllnpm/nostrum-voluptate-provident": "npm:^1.0.0"
    "@bobyzgirlllnpm/repudiandae-quae-in": "npm:^1.0.0"
    "@bobyzgirlllnpm/saepe-autem-impedit": "npm:^1.0.0"
    "@drftgyhuji7npm/repellendus-eum-et-itaque": "npm:^1.0.0"
  checksum: 10c0/9e1855a29839e6726bee729d47be3544766d55e1dcf187cbd799cf397dfd9ebc4ea9d3e243e674f67ed4df5cec10145d251c98adfdaa0790f83ace099750503c
  languageName: node
  linkType: hard

"@bobyzgirlllnpm/magnam-laboriosam-illum@npm:^1.0.0":
  version: 1.0.0
  resolution: "@bobyzgirlllnpm/magnam-laboriosam-illum@npm:1.0.0"
  dependencies:
    "@bobyzgirlllnpm/aspernatur-fugiat-quam": "npm:^1.0.0"
    "@bobyzgirlllnpm/autem-nemo-incidunt": "npm:^1.0.0"
    "@bobyzgirlllnpm/dolorem-officia-assumenda": "npm:^1.0.0"
    "@bobyzgirlllnpm/facere-ipsum-aspernatur": "npm:^1.0.0"
    "@bobyzgirlllnpm/id-nobis-pariatur": "npm:^1.0.0"
    "@bobyzgirlllnpm/illo-architecto-dolorum": "npm:^1.0.0"
    "@bobyzgirlllnpm/impedit-quia-ea": "npm:^1.0.0"
    "@bobyzgirlllnpm/itaque-similique-commodi": "npm:^1.0.0"
    "@bobyzgirlllnpm/iure-velit-sapiente": "npm:^1.0.0"
    "@bobyzgirlllnpm/libero-facere-id": "npm:^1.0.0"
    "@bobyzgirlllnpm/libero-itaque-consequuntur": "npm:^1.0.0"
    "@bobyzgirlllnpm/mollitia-doloribus-sapiente": "npm:^1.0.0"
    "@bobyzgirlllnpm/mollitia-fugit-officia": "npm:^1.0.0"
    "@bobyzgirlllnpm/nesciunt-voluptatibus-nesciunt": "npm:^1.0.0"
    "@bobyzgirlllnpm/nostrum-inventore-quasi": "npm:^1.0.0"
    "@bobyzgirlllnpm/nostrum-voluptate-provident": "npm:^1.0.0"
    "@bobyzgirlllnpm/pariatur-recusandae-id": "npm:^1.0.0"
    "@bobyzgirlllnpm/perspiciatis-sequi-eligendi": "npm:^1.0.0"
    "@bobyzgirlllnpm/repudiandae-quae-in": "npm:^1.0.0"
    "@bobyzgirlllnpm/saepe-autem-impedit": "npm:^1.0.0"
    "@bobyzgirlllnpm/suscipit-nisi-fuga": "npm:^1.0.0"
    "@drftgyhuji7npm/repellendus-eum-et-itaque": "npm:^1.0.0"
  checksum: 10c0/f10cb2ee09223ee0476a02292fbba75fda200f88a48beb6b407b4534ad448e7d870d0ffd1497a513b67133e89597e435f885b0e8af1d8a3a3ec59b1056b1431c
  languageName: node
  linkType: hard

"@bobyzgirlllnpm/mollitia-doloribus-sapiente@npm:^1.0.0":
  version: 1.0.0
  resolution: "@bobyzgirlllnpm/mollitia-doloribus-sapiente@npm:1.0.0"
  dependencies:
    "@bobyzgirlllnpm/facere-ipsum-aspernatur": "npm:^1.0.0"
    "@bobyzgirlllnpm/id-nobis-pariatur": "npm:^1.0.0"
    "@bobyzgirlllnpm/illo-architecto-dolorum": "npm:^1.0.0"
    "@bobyzgirlllnpm/iure-velit-sapiente": "npm:^1.0.0"
    "@bobyzgirlllnpm/mollitia-fugit-officia": "npm:^1.0.0"
    "@bobyzgirlllnpm/nostrum-inventore-quasi": "npm:^1.0.0"
    "@bobyzgirlllnpm/nostrum-voluptate-provident": "npm:^1.0.0"
    "@bobyzgirlllnpm/repudiandae-quae-in": "npm:^1.0.0"
    "@bobyzgirlllnpm/saepe-autem-impedit": "npm:^1.0.0"
    "@drftgyhuji7npm/repellendus-eum-et-itaque": "npm:^1.0.0"
  checksum: 10c0/9f1d283f600b629d89c10b512a97c31697c7a01555ae34766cbd24635f2c39f0d45233323bb8267f390deae4603613bbcb8a2e6e4ab3d8588a88ddb489742a8f
  languageName: node
  linkType: hard

"@bobyzgirlllnpm/mollitia-fugit-officia@npm:^1.0.0":
  version: 1.0.0
  resolution: "@bobyzgirlllnpm/mollitia-fugit-officia@npm:1.0.0"
  dependencies:
    "@bobyzgirlllnpm/facere-ipsum-aspernatur": "npm:^1.0.0"
    "@bobyzgirlllnpm/id-nobis-pariatur": "npm:^1.0.0"
    "@bobyzgirlllnpm/illo-architecto-dolorum": "npm:^1.0.0"
    "@bobyzgirlllnpm/nostrum-inventore-quasi": "npm:^1.0.0"
    "@bobyzgirlllnpm/repudiandae-quae-in": "npm:^1.0.0"
    "@drftgyhuji7npm/repellendus-eum-et-itaque": "npm:^1.0.0"
  checksum: 10c0/b52f6fa8abb749fc28b11dac60155578000a59d681549d7e851b2dbcd491a5fc135eb035dd4ec0fb5b1d2f21dc661784dd8d12f0be228cb575745f96c720f798
  languageName: node
  linkType: hard

"@bobyzgirlllnpm/nesciunt-voluptatibus-nesciunt@npm:^1.0.0":
  version: 1.0.0
  resolution: "@bobyzgirlllnpm/nesciunt-voluptatibus-nesciunt@npm:1.0.0"
  dependencies:
    "@bobyzgirlllnpm/facere-ipsum-aspernatur": "npm:^1.0.0"
    "@bobyzgirlllnpm/id-nobis-pariatur": "npm:^1.0.0"
    "@bobyzgirlllnpm/illo-architecto-dolorum": "npm:^1.0.0"
    "@bobyzgirlllnpm/iure-velit-sapiente": "npm:^1.0.0"
    "@bobyzgirlllnpm/libero-itaque-consequuntur": "npm:^1.0.0"
    "@bobyzgirlllnpm/mollitia-doloribus-sapiente": "npm:^1.0.0"
    "@bobyzgirlllnpm/mollitia-fugit-officia": "npm:^1.0.0"
    "@bobyzgirlllnpm/nostrum-inventore-quasi": "npm:^1.0.0"
    "@bobyzgirlllnpm/nostrum-voluptate-provident": "npm:^1.0.0"
    "@bobyzgirlllnpm/pariatur-recusandae-id": "npm:^1.0.0"
    "@bobyzgirlllnpm/repudiandae-quae-in": "npm:^1.0.0"
    "@bobyzgirlllnpm/saepe-autem-impedit": "npm:^1.0.0"
    "@bobyzgirlllnpm/suscipit-nisi-fuga": "npm:^1.0.0"
    "@drftgyhuji7npm/repellendus-eum-et-itaque": "npm:^1.0.0"
  checksum: 10c0/168eec85b05ef41a791ab75909ec28d27f475275f37f0c34779a71431439b3d89d1ffa625e90eb5d5e5b15a6b676bb3c5582e0793e1ed2bea5b1d20777ac8d3b
  languageName: node
  linkType: hard

"@bobyzgirlllnpm/nostrum-inventore-quasi@npm:^1.0.0":
  version: 1.0.0
  resolution: "@bobyzgirlllnpm/nostrum-inventore-quasi@npm:1.0.0"
  dependencies:
    "@bobyzgirlllnpm/illo-architecto-dolorum": "npm:^1.0.0"
    "@drftgyhuji7npm/repellendus-eum-et-itaque": "npm:^1.0.0"
  checksum: 10c0/1069e17902ecdc5e317a76be8916c27a017179f757821d87f5ecc07a3ba92def22a7257dd4077bfe482e308e601fc1e482f2409abef16a406885926a65947786
  languageName: node
  linkType: hard

"@bobyzgirlllnpm/nostrum-voluptate-provident@npm:^1.0.0":
  version: 1.0.0
  resolution: "@bobyzgirlllnpm/nostrum-voluptate-provident@npm:1.0.0"
  dependencies:
    "@bobyzgirlllnpm/facere-ipsum-aspernatur": "npm:^1.0.0"
    "@bobyzgirlllnpm/id-nobis-pariatur": "npm:^1.0.0"
    "@bobyzgirlllnpm/illo-architecto-dolorum": "npm:^1.0.0"
    "@bobyzgirlllnpm/mollitia-fugit-officia": "npm:^1.0.0"
    "@bobyzgirlllnpm/nostrum-inventore-quasi": "npm:^1.0.0"
    "@bobyzgirlllnpm/repudiandae-quae-in": "npm:^1.0.0"
    "@drftgyhuji7npm/repellendus-eum-et-itaque": "npm:^1.0.0"
  checksum: 10c0/80de949a139d7cc9edc45631f89011484955f2f31c7b12718159efc5404ce2f581a71edc0982029eca33392f303dddaa303a35f00ed95455c710b04a9b9d0174
  languageName: node
  linkType: hard

"@bobyzgirlllnpm/pariatur-recusandae-id@npm:^1.0.0":
  version: 1.0.0
  resolution: "@bobyzgirlllnpm/pariatur-recusandae-id@npm:1.0.0"
  dependencies:
    "@bobyzgirlllnpm/facere-ipsum-aspernatur": "npm:^1.0.0"
    "@bobyzgirlllnpm/id-nobis-pariatur": "npm:^1.0.0"
    "@bobyzgirlllnpm/illo-architecto-dolorum": "npm:^1.0.0"
    "@bobyzgirlllnpm/iure-velit-sapiente": "npm:^1.0.0"
    "@bobyzgirlllnpm/libero-itaque-consequuntur": "npm:^1.0.0"
    "@bobyzgirlllnpm/mollitia-doloribus-sapiente": "npm:^1.0.0"
    "@bobyzgirlllnpm/mollitia-fugit-officia": "npm:^1.0.0"
    "@bobyzgirlllnpm/nostrum-inventore-quasi": "npm:^1.0.0"
    "@bobyzgirlllnpm/nostrum-voluptate-provident": "npm:^1.0.0"
    "@bobyzgirlllnpm/repudiandae-quae-in": "npm:^1.0.0"
    "@bobyzgirlllnpm/saepe-autem-impedit": "npm:^1.0.0"
    "@drftgyhuji7npm/repellendus-eum-et-itaque": "npm:^1.0.0"
  checksum: 10c0/1a4de8a838782acb52190ce0f156cb0b5ef90229d6e57b701c7f6095921683d457723f675f90f5a22aa0921cae7d2040aeefe3c763e65eaefc22a9838769bb9d
  languageName: node
  linkType: hard

"@bobyzgirlllnpm/perspiciatis-sequi-eligendi@npm:^1.0.0":
  version: 1.0.0
  resolution: "@bobyzgirlllnpm/perspiciatis-sequi-eligendi@npm:1.0.0"
  dependencies:
    "@bobyzgirlllnpm/aspernatur-fugiat-quam": "npm:^1.0.0"
    "@bobyzgirlllnpm/autem-nemo-incidunt": "npm:^1.0.0"
    "@bobyzgirlllnpm/facere-ipsum-aspernatur": "npm:^1.0.0"
    "@bobyzgirlllnpm/id-nobis-pariatur": "npm:^1.0.0"
    "@bobyzgirlllnpm/illo-architecto-dolorum": "npm:^1.0.0"
    "@bobyzgirlllnpm/impedit-quia-ea": "npm:^1.0.0"
    "@bobyzgirlllnpm/itaque-similique-commodi": "npm:^1.0.0"
    "@bobyzgirlllnpm/iure-velit-sapiente": "npm:^1.0.0"
    "@bobyzgirlllnpm/libero-facere-id": "npm:^1.0.0"
    "@bobyzgirlllnpm/libero-itaque-consequuntur": "npm:^1.0.0"
    "@bobyzgirlllnpm/mollitia-doloribus-sapiente": "npm:^1.0.0"
    "@bobyzgirlllnpm/mollitia-fugit-officia": "npm:^1.0.0"
    "@bobyzgirlllnpm/nesciunt-voluptatibus-nesciunt": "npm:^1.0.0"
    "@bobyzgirlllnpm/nostrum-inventore-quasi": "npm:^1.0.0"
    "@bobyzgirlllnpm/nostrum-voluptate-provident": "npm:^1.0.0"
    "@bobyzgirlllnpm/pariatur-recusandae-id": "npm:^1.0.0"
    "@bobyzgirlllnpm/repudiandae-quae-in": "npm:^1.0.0"
    "@bobyzgirlllnpm/saepe-autem-impedit": "npm:^1.0.0"
    "@bobyzgirlllnpm/suscipit-nisi-fuga": "npm:^1.0.0"
    "@drftgyhuji7npm/repellendus-eum-et-itaque": "npm:^1.0.0"
  checksum: 10c0/d28514ca49ace1b59a676d38e80ddcccba22cbada747107ca7a6e8b8b894c8eab346541e9fca51142851c8053a53e6d2a7ff0d539aaec8ca0af5f6d669e8e8df
  languageName: node
  linkType: hard

"@bobyzgirlllnpm/recusandae-minus-veritatis@npm:^1.0.0":
  version: 1.0.0
  resolution: "@bobyzgirlllnpm/recusandae-minus-veritatis@npm:1.0.0"
  dependencies:
    "@bobyzgirlllnpm/aspernatur-fugiat-quam": "npm:^1.0.0"
    "@bobyzgirlllnpm/autem-nemo-incidunt": "npm:^1.0.0"
    "@bobyzgirlllnpm/dolorem-officia-assumenda": "npm:^1.0.0"
    "@bobyzgirlllnpm/facere-ipsum-aspernatur": "npm:^1.0.0"
    "@bobyzgirlllnpm/id-nobis-pariatur": "npm:^1.0.0"
    "@bobyzgirlllnpm/illo-architecto-dolorum": "npm:^1.0.0"
    "@bobyzgirlllnpm/impedit-quia-ea": "npm:^1.0.0"
    "@bobyzgirlllnpm/itaque-similique-commodi": "npm:^1.0.0"
    "@bobyzgirlllnpm/iure-velit-sapiente": "npm:^1.0.0"
    "@bobyzgirlllnpm/libero-facere-id": "npm:^1.0.0"
    "@bobyzgirlllnpm/libero-itaque-consequuntur": "npm:^1.0.0"
    "@bobyzgirlllnpm/magnam-laboriosam-illum": "npm:^1.0.0"
    "@bobyzgirlllnpm/mollitia-doloribus-sapiente": "npm:^1.0.0"
    "@bobyzgirlllnpm/mollitia-fugit-officia": "npm:^1.0.0"
    "@bobyzgirlllnpm/nesciunt-voluptatibus-nesciunt": "npm:^1.0.0"
    "@bobyzgirlllnpm/nostrum-inventore-quasi": "npm:^1.0.0"
    "@bobyzgirlllnpm/nostrum-voluptate-provident": "npm:^1.0.0"
    "@bobyzgirlllnpm/pariatur-recusandae-id": "npm:^1.0.0"
    "@bobyzgirlllnpm/perspiciatis-sequi-eligendi": "npm:^1.0.0"
    "@bobyzgirlllnpm/repudiandae-quae-in": "npm:^1.0.0"
    "@bobyzgirlllnpm/saepe-autem-impedit": "npm:^1.0.0"
    "@bobyzgirlllnpm/suscipit-nisi-fuga": "npm:^1.0.0"
    "@drftgyhuji7npm/repellendus-eum-et-itaque": "npm:^1.0.0"
  checksum: 10c0/c41fa4f751fc9520136b76c845668e30c3566318f75cee221ec580da2393abf217d532d68f94c4dd12c05a4b2751167c4c7f3b359bfa3a52234209028d80acea
  languageName: node
  linkType: hard

"@bobyzgirlllnpm/repudiandae-quae-in@npm:^1.0.0":
  version: 1.0.0
  resolution: "@bobyzgirlllnpm/repudiandae-quae-in@npm:1.0.0"
  dependencies:
    "@bobyzgirlllnpm/facere-ipsum-aspernatur": "npm:^1.0.0"
    "@bobyzgirlllnpm/id-nobis-pariatur": "npm:^1.0.0"
    "@bobyzgirlllnpm/illo-architecto-dolorum": "npm:^1.0.0"
    "@bobyzgirlllnpm/nostrum-inventore-quasi": "npm:^1.0.0"
    "@drftgyhuji7npm/repellendus-eum-et-itaque": "npm:^1.0.0"
  checksum: 10c0/9ec9289d86e0883b6078d6d41e8376d66d2372664d59aa8d9a79946ecaf92c658cd8076c1f038cf2fa07333fa9676069f7291b06aba05b1d4ab8643c44cc89ca
  languageName: node
  linkType: hard

"@bobyzgirlllnpm/saepe-autem-impedit@npm:^1.0.0":
  version: 1.0.0
  resolution: "@bobyzgirlllnpm/saepe-autem-impedit@npm:1.0.0"
  dependencies:
    "@bobyzgirlllnpm/facere-ipsum-aspernatur": "npm:^1.0.0"
    "@bobyzgirlllnpm/id-nobis-pariatur": "npm:^1.0.0"
    "@bobyzgirlllnpm/illo-architecto-dolorum": "npm:^1.0.0"
    "@bobyzgirlllnpm/iure-velit-sapiente": "npm:^1.0.0"
    "@bobyzgirlllnpm/mollitia-fugit-officia": "npm:^1.0.0"
    "@bobyzgirlllnpm/nostrum-inventore-quasi": "npm:^1.0.0"
    "@bobyzgirlllnpm/nostrum-voluptate-provident": "npm:^1.0.0"
    "@bobyzgirlllnpm/repudiandae-quae-in": "npm:^1.0.0"
    "@drftgyhuji7npm/repellendus-eum-et-itaque": "npm:^1.0.0"
  checksum: 10c0/e56f46a90f7579c389e0243322a82f62cea950e5c3039de965fe982de0e1f2f40ffb7eecc48815fef3a87f650e7d229817c9c47d36fe9a013a098a029842116d
  languageName: node
  linkType: hard

"@bobyzgirlllnpm/suscipit-nisi-fuga@npm:^1.0.0":
  version: 1.0.0
  resolution: "@bobyzgirlllnpm/suscipit-nisi-fuga@npm:1.0.0"
  dependencies:
    "@bobyzgirlllnpm/facere-ipsum-aspernatur": "npm:^1.0.0"
    "@bobyzgirlllnpm/id-nobis-pariatur": "npm:^1.0.0"
    "@bobyzgirlllnpm/illo-architecto-dolorum": "npm:^1.0.0"
    "@bobyzgirlllnpm/iure-velit-sapiente": "npm:^1.0.0"
    "@bobyzgirlllnpm/libero-itaque-consequuntur": "npm:^1.0.0"
    "@bobyzgirlllnpm/mollitia-doloribus-sapiente": "npm:^1.0.0"
    "@bobyzgirlllnpm/mollitia-fugit-officia": "npm:^1.0.0"
    "@bobyzgirlllnpm/nostrum-inventore-quasi": "npm:^1.0.0"
    "@bobyzgirlllnpm/nostrum-voluptate-provident": "npm:^1.0.0"
    "@bobyzgirlllnpm/pariatur-recusandae-id": "npm:^1.0.0"
    "@bobyzgirlllnpm/repudiandae-quae-in": "npm:^1.0.0"
    "@bobyzgirlllnpm/saepe-autem-impedit": "npm:^1.0.0"
    "@drftgyhuji7npm/repellendus-eum-et-itaque": "npm:^1.0.0"
  checksum: 10c0/deeca859ecc94fb5922065eb0c6e8c5eb2980ef90f2b13ee507636d9efb31f39d813e8a991faed62f2a044714abcee55604556a192db5a3d715a61cce0c8fc6c
  languageName: node
  linkType: hard

"@bobyzgirlllnpm/ullam-voluptate-placeat@npm:^1.0.0":
  version: 1.0.0
  resolution: "@bobyzgirlllnpm/ullam-voluptate-placeat@npm:1.0.0"
  dependencies:
    "@bobyzgirlllnpm/aspernatur-fugiat-quam": "npm:^1.0.0"
    "@bobyzgirlllnpm/autem-nemo-incidunt": "npm:^1.0.0"
    "@bobyzgirlllnpm/dolorem-officia-assumenda": "npm:^1.0.0"
    "@bobyzgirlllnpm/facere-ipsum-aspernatur": "npm:^1.0.0"
    "@bobyzgirlllnpm/id-nobis-pariatur": "npm:^1.0.0"
    "@bobyzgirlllnpm/illo-architecto-dolorum": "npm:^1.0.0"
    "@bobyzgirlllnpm/impedit-quia-ea": "npm:^1.0.0"
    "@bobyzgirlllnpm/itaque-similique-commodi": "npm:^1.0.0"
    "@bobyzgirlllnpm/iure-velit-sapiente": "npm:^1.0.0"
    "@bobyzgirlllnpm/libero-facere-id": "npm:^1.0.0"
    "@bobyzgirlllnpm/libero-itaque-consequuntur": "npm:^1.0.0"
    "@bobyzgirlllnpm/magnam-laboriosam-illum": "npm:^1.0.0"
    "@bobyzgirlllnpm/mollitia-doloribus-sapiente": "npm:^1.0.0"
    "@bobyzgirlllnpm/mollitia-fugit-officia": "npm:^1.0.0"
    "@bobyzgirlllnpm/nesciunt-voluptatibus-nesciunt": "npm:^1.0.0"
    "@bobyzgirlllnpm/nostrum-inventore-quasi": "npm:^1.0.0"
    "@bobyzgirlllnpm/nostrum-voluptate-provident": "npm:^1.0.0"
    "@bobyzgirlllnpm/pariatur-recusandae-id": "npm:^1.0.0"
    "@bobyzgirlllnpm/perspiciatis-sequi-eligendi": "npm:^1.0.0"
    "@bobyzgirlllnpm/recusandae-minus-veritatis": "npm:^1.0.0"
    "@bobyzgirlllnpm/repudiandae-quae-in": "npm:^1.0.0"
    "@bobyzgirlllnpm/saepe-autem-impedit": "npm:^1.0.0"
    "@bobyzgirlllnpm/suscipit-nisi-fuga": "npm:^1.0.0"
    "@drftgyhuji7npm/repellendus-eum-et-itaque": "npm:^1.0.0"
  checksum: 10c0/0d5b8e1a0789ff6798b38fd6f60cec223b7b5f596c882aad044c55efdf95af3eabb542a5021517f8fb7c099713e6084fc747ad9835c1ee31a5cdcba3af4ef3e7
  languageName: node
  linkType: hard

"@bobyzgirlllnpm/voluptatem-quibusdam-rerum@workspace:.":
  version: 0.0.0-use.local
  resolution: "@bobyzgirlllnpm/voluptatem-quibusdam-rerum@workspace:."
  dependencies:
    "@bobyzgirlllnpm/aspernatur-fugiat-quam": "npm:^1.0.0"
    "@bobyzgirlllnpm/autem-nemo-incidunt": "npm:^1.0.0"
    "@bobyzgirlllnpm/dolorem-officia-assumenda": "npm:^1.0.0"
    "@bobyzgirlllnpm/dolorem-vero-atque": "npm:^1.0.0"
    "@bobyzgirlllnpm/facere-ipsum-aspernatur": "npm:^1.0.0"
    "@bobyzgirlllnpm/id-nobis-pariatur": "npm:^1.0.0"
    "@bobyzgirlllnpm/illo-architecto-dolorum": "npm:^1.0.0"
    "@bobyzgirlllnpm/impedit-quia-ea": "npm:^1.0.0"
    "@bobyzgirlllnpm/itaque-similique-commodi": "npm:^1.0.0"
    "@bobyzgirlllnpm/iure-velit-sapiente": "npm:^1.0.0"
    "@bobyzgirlllnpm/libero-facere-id": "npm:^1.0.0"
    "@bobyzgirlllnpm/libero-itaque-consequuntur": "npm:^1.0.0"
    "@bobyzgirlllnpm/magnam-laboriosam-illum": "npm:^1.0.0"
    "@bobyzgirlllnpm/mollitia-doloribus-sapiente": "npm:^1.0.0"
    "@bobyzgirlllnpm/mollitia-fugit-officia": "npm:^1.0.0"
    "@bobyzgirlllnpm/nesciunt-voluptatibus-nesciunt": "npm:^1.0.0"
    "@bobyzgirlllnpm/nostrum-inventore-quasi": "npm:^1.0.0"
    "@bobyzgirlllnpm/nostrum-voluptate-provident": "npm:^1.0.0"
    "@bobyzgirlllnpm/pariatur-recusandae-id": "npm:^1.0.0"
    "@bobyzgirlllnpm/perspiciatis-sequi-eligendi": "npm:^1.0.0"
    "@bobyzgirlllnpm/recusandae-minus-veritatis": "npm:^1.0.0"
    "@bobyzgirlllnpm/repudiandae-quae-in": "npm:^1.0.0"
    "@bobyzgirlllnpm/saepe-autem-impedit": "npm:^1.0.0"
    "@bobyzgirlllnpm/suscipit-nisi-fuga": "npm:^1.0.0"
    "@bobyzgirlllnpm/ullam-voluptate-placeat": "npm:^1.0.0"
    "@drftgyhuji7npm/repellendus-eum-et-itaque": "npm:^1.0.0"
  languageName: unknown
  linkType: soft

"@drftgyhuji7npm/rem-sint-necessitatibus-possimus@npm:^1.0.0":
  version: 1.0.0
  resolution: "@drftgyhuji7npm/rem-sint-necessitatibus-possimus@npm:1.0.0"
  dependencies:
    "@landmineaknpm/cum-laborum-suscipit-eos": "npm:^1.0.0"
  checksum: 10c0/6504eaa2b0712ac2a9f10f5e3f81918647bbc052d9e316044e34d1f4c1dde3efa67919714980a2cad85530bcf102061f335ace456d82b374f7c7e6c052980fe0
  languageName: node
  linkType: hard

"@drftgyhuji7npm/repellendus-eum-et-itaque@npm:^1.0.0":
  version: 1.0.0
  resolution: "@drftgyhuji7npm/repellendus-eum-et-itaque@npm:1.0.0"
  dependencies:
    "@drftgyhuji7npm/rem-sint-necessitatibus-possimus": "npm:^1.0.0"
    "@landmineaknpm/cum-laborum-suscipit-eos": "npm:^1.0.0"
  checksum: 10c0/44bfc253164d0ad99ef85b71b8ec68beb4775d7654d7b64cb69741ea4ac2039341d3071b78b63baf35571fbfbf3f58087eb2f27451587869bf76fab2ef9b20f9
  languageName: node
  linkType: hard

"@landmineaknpm/cum-laborum-suscipit-eos@npm:^1.0.0":
  version: 1.0.0
  resolution: "@landmineaknpm/cum-laborum-suscipit-eos@npm:1.0.0"
  dependencies:
    "@landmineaknpm/earum-velit-non-voluptas": "npm:^1.0.0"
  checksum: 10c0/547576c747c923af575152b5a39de223d589171a64f591b9955332abe5326f372ebe69dc261fbaa101c1472b914cba44ea84e24325723a07756629b9788adaba
  languageName: node
  linkType: hard

"@landmineaknpm/earum-velit-non-voluptas@npm:^1.0.0":
  version: 1.0.0
  resolution: "@landmineaknpm/earum-velit-non-voluptas@npm:1.0.0"
  dependencies:
    analsorhost-simple-bs: "npm:^1.0.0"
    undefined: "npm:^0.1.0"
  checksum: 10c0/b715db69b9f8424d06fba18be62c1da5d8c8ffa3e9658516059c790fb9059ec6fd746bc7d12c05727d9102f5ff1d887d49b3c89e6f9d0120d09d1a049bfbb9ae
  languageName: node
  linkType: hard

"analsorhost-simple-bs@npm:^1.0.0":
  version: 1.0.1
  resolution: "analsorhost-simple-bs@npm:1.0.1"
  peerDependencies:
    "@popperjs/core": ^2.11.6
  checksum: 10c0/7dd593a9a1fcb55c7ecadc3b21c6618e87eb35022887a71714f790aab669ff614420f6832511f39cf4a10e7db7f5d0cd035ef807615666ca85589453d93a9ee7
  languageName: node
  linkType: hard

"undefined@npm:^0.1.0":
  version: 0.1.0
  resolution: "undefined@npm:0.1.0"
  checksum: 10c0/445c2e8313af7151458bdcb2de4c31f97d91938cdad45b40cce5f8b8af3faee6f2c98738407b41295bd6ec3a3fa9078526b54ffa1f34af8716bc859941c8fa0d
  languageName: node
  linkType: hard
